<?xml version="1.0" encoding="utf-8"?>
<Project ToolsVersion="17.0" xmlns="http://schemas.microsoft.com/developer/msbuild/2003">
  <ItemGroup>
    <ClCompile Include="D:\UQ\UQPyL\Surrogates\libsvm\main.cpp">
      <Filter>Source Files</Filter>
    </ClCompile>
    <ClCompile Include="D:\UQ\UQPyL\Surrogates\libsvm\svm.cpp">
      <Filter>Source Files</Filter>
    </ClCompile>
  </ItemGroup>
  <ItemGroup>
    <ClInclude Include="D:\UQ\UQPyL\Surrogates\libsvm\svm.h">
      <Filter>Header Files</Filter>
    </ClInclude>
  </ItemGroup>
  <ItemGroup>
    <CustomBuild Include="D:\UQ\UQPyL\Surrogates\libsvm\CMakeLists.txt" />
  </ItemGroup>
  <ItemGroup>
    <Filter Include="Header Files">
      <UniqueIdentifier>{F74D33BF-9EDE-3BC3-B02C-39141372FB98}</UniqueIdentifier>
    </Filter>
    <Filter Include="Source Files">
      <UniqueIdentifier>{78A68B45-7446-3E0E-AB89-7041A8B2D048}</UniqueIdentifier>
    </Filter>
  </ItemGroup>
</Project>
