
Microsoft Visual Studio Solution File, Format Version 12.00
# Visual Studio Version 17
Project("{8BC9CEB8-8B4A-11D0-8D11-00A0C91BC942}") = "ALL_BUILD", "ALL_BUILD.vcxproj", "{B4E3EC88-D057-3057-9EAE-ACC2C591EAC8}"
	ProjectSection(ProjectDependencies) = postProject
		{43C5D18B-BE00-3963-829B-45BDAF162EEA} = {43C5D18B-BE00-3963-829B-45BDAF162EEA}
		{64E2959D-D36C-3BFC-8870-A87DAF4D08DB} = {64E2959D-D36C-3BFC-8870-A87DAF4D08DB}
	EndProjectSection
EndProject
Project("{8BC9CEB8-8B4A-11D0-8D11-00A0C91BC942}") = "ZERO_CHECK", "ZERO_CHECK.vcxproj", "{43C5D18B-BE00-3963-829B-45BDAF162EEA}"
	ProjectSection(ProjectDependencies) = postProject
	EndProjectSection
EndProject
Project("{8BC9CEB8-8B4A-11D0-8D11-00A0C91BC942}") = "libsvm", "libsvm.vcxproj", "{64E2959D-D36C-3BFC-8870-A87DAF4D08DB}"
	ProjectSection(ProjectDependencies) = postProject
		{43C5D18B-BE00-3963-829B-45BDAF162EEA} = {43C5D18B-BE00-3963-829B-45BDAF162EEA}
	EndProjectSection
EndProject
Global
	GlobalSection(SolutionConfigurationPlatforms) = preSolution
		Debug|x64 = Debug|x64
		Release|x64 = Release|x64
		MinSizeRel|x64 = MinSizeRel|x64
		RelWithDebInfo|x64 = RelWithDebInfo|x64
	EndGlobalSection
	GlobalSection(ProjectConfigurationPlatforms) = postSolution
		{B4E3EC88-D057-3057-9EAE-ACC2C591EAC8}.Debug|x64.ActiveCfg = Debug|x64
		{B4E3EC88-D057-3057-9EAE-ACC2C591EAC8}.Release|x64.ActiveCfg = Release|x64
		{B4E3EC88-D057-3057-9EAE-ACC2C591EAC8}.MinSizeRel|x64.ActiveCfg = MinSizeRel|x64
		{B4E3EC88-D057-3057-9EAE-ACC2C591EAC8}.RelWithDebInfo|x64.ActiveCfg = RelWithDebInfo|x64
		{43C5D18B-BE00-3963-829B-45BDAF162EEA}.Debug|x64.ActiveCfg = Debug|x64
		{43C5D18B-BE00-3963-829B-45BDAF162EEA}.Debug|x64.Build.0 = Debug|x64
		{43C5D18B-BE00-3963-829B-45BDAF162EEA}.Release|x64.ActiveCfg = Release|x64
		{43C5D18B-BE00-3963-829B-45BDAF162EEA}.Release|x64.Build.0 = Release|x64
		{43C5D18B-BE00-3963-829B-45BDAF162EEA}.MinSizeRel|x64.ActiveCfg = MinSizeRel|x64
		{43C5D18B-BE00-3963-829B-45BDAF162EEA}.MinSizeRel|x64.Build.0 = MinSizeRel|x64
		{43C5D18B-BE00-3963-829B-45BDAF162EEA}.RelWithDebInfo|x64.ActiveCfg = RelWithDebInfo|x64
		{43C5D18B-BE00-3963-829B-45BDAF162EEA}.RelWithDebInfo|x64.Build.0 = RelWithDebInfo|x64
		{64E2959D-D36C-3BFC-8870-A87DAF4D08DB}.Debug|x64.ActiveCfg = Debug|x64
		{64E2959D-D36C-3BFC-8870-A87DAF4D08DB}.Debug|x64.Build.0 = Debug|x64
		{64E2959D-D36C-3BFC-8870-A87DAF4D08DB}.Release|x64.ActiveCfg = Release|x64
		{64E2959D-D36C-3BFC-8870-A87DAF4D08DB}.Release|x64.Build.0 = Release|x64
		{64E2959D-D36C-3BFC-8870-A87DAF4D08DB}.MinSizeRel|x64.ActiveCfg = MinSizeRel|x64
		{64E2959D-D36C-3BFC-8870-A87DAF4D08DB}.MinSizeRel|x64.Build.0 = MinSizeRel|x64
		{64E2959D-D36C-3BFC-8870-A87DAF4D08DB}.RelWithDebInfo|x64.ActiveCfg = RelWithDebInfo|x64
		{64E2959D-D36C-3BFC-8870-A87DAF4D08DB}.RelWithDebInfo|x64.Build.0 = RelWithDebInfo|x64
	EndGlobalSection
	GlobalSection(ExtensibilityGlobals) = postSolution
		SolutionGuid = {A70DEE79-30EC-30B2-A019-76E6F65875F3}
	EndGlobalSection
	GlobalSection(ExtensibilityAddIns) = postSolution
	EndGlobalSection
EndGlobal
