<?xml version="1.0" encoding="utf-8"?>
<Project ToolsVersion="17.0" xmlns="http://schemas.microsoft.com/developer/msbuild/2003">
  <ItemGroup>
    <CustomBuild Include="H:\UQ\UQPyL\Surrogates\libsvm\build1\CMakeFiles\49074365b8140bbeb7687b8c3bac7c02\generate.stamp.rule">
      <Filter>CMake Rules</Filter>
    </CustomBuild>
  </ItemGroup>
  <ItemGroup>
    <Filter Include="CMake Rules">
      <UniqueIdentifier>{F024E423-C0DE-360F-A08D-BA5D4D58FFE4}</UniqueIdentifier>
    </Filter>
  </ItemGroup>
</Project>
