<?xml version="1.0" encoding="utf-8"?>
<Project ToolsVersion="17.0" xmlns="http://schemas.microsoft.com/developer/msbuild/2003">
  <ItemGroup>
    <CustomBuild Include="D:\UQ\UQPyL\Surrogates\libsvm\build4\CMakeFiles\a93042b308f96e2138298278ae4f72c0\generate.stamp.rule">
      <Filter>CMake Rules</Filter>
    </CustomBuild>
  </ItemGroup>
  <ItemGroup>
    <Filter Include="CMake Rules">
      <UniqueIdentifier>{2FB1DE6E-A4D9-3290-BC3A-F81A3481711B}</UniqueIdentifier>
    </Filter>
  </ItemGroup>
</Project>
